
Microsoft Visual Studio Solution File, Format Version 12.00
# Visual Studio Version 16
VisualStudioVersion = 16.0.29709.97
MinimumVisualStudioVersion = 10.0.40219.1
Project("{9A19103F-16F7-4668-BE54-9A1E7A4F7556}") = "ResizeImage", "ResizeImage\ResizeImage.csproj", "{60CB3BBE-FCA6-48D2-8AD1-E82BBBC33998}"
EndProject
Project("{FAE04EC0-301F-11D3-BF4B-00C04F79EFBC}") = "ResizeImage.Test", "ResizeImage.Test\ResizeImage.Test.csproj", "{94FAB038-4FDE-4ABC-8156-AC30ED297443}"
EndProject
Global
	GlobalSection(SolutionConfigurationPlatforms) = preSolution
		Debug|Any CPU = Debug|Any CPU
		Release|Any CPU = Release|Any CPU
	EndGlobalSection
	GlobalSection(ProjectConfigurationPlatforms) = postSolution
		{60CB3BBE-FCA6-48D2-8AD1-E82BBBC33998}.Debug|Any CPU.ActiveCfg = Debug|Any CPU
		{60CB3BBE-FCA6-48D2-8AD1-E82BBBC33998}.Debug|Any CPU.Build.0 = Debug|Any CPU
		{60CB3BBE-FCA6-48D2-8AD1-E82BBBC33998}.Release|Any CPU.ActiveCfg = Release|Any CPU
		{60CB3BBE-FCA6-48D2-8AD1-E82BBBC33998}.Release|Any CPU.Build.0 = Release|Any CPU
		{94FAB038-4FDE-4ABC-8156-AC30ED297443}.Debug|Any CPU.ActiveCfg = Debug|Any CPU
		{94FAB038-4FDE-4ABC-8156-AC30ED297443}.Debug|Any CPU.Build.0 = Debug|Any CPU
		{94FAB038-4FDE-4ABC-8156-AC30ED297443}.Release|Any CPU.ActiveCfg = Release|Any CPU
		{94FAB038-4FDE-4ABC-8156-AC30ED297443}.Release|Any CPU.Build.0 = Release|Any CPU
	EndGlobalSection
	GlobalSection(SolutionProperties) = preSolution
		HideSolutionNode = FALSE
	EndGlobalSection
	GlobalSection(ExtensibilityGlobals) = postSolution
		SolutionGuid = {85ED100A-F903-49A3-8C54-C4E9A94126C6}
	EndGlobalSection
EndGlobal
